
Microsoft Visual Studio Solution File, Format Version 12.00
# Visual Studio 15
VisualStudioVersion = 15.0.28010.2036
MinimumVisualStudioVersion = 10.0.40219.1
Project("{2150E333-8FDC-42A3-9474-1A3956D46DE8}") = "Solution Items", "Solution Items", "{A69BD9A0-857C-4946-826E-55EB1B07D3A4}"
	ProjectSection(SolutionItems) = preProject
		src\CommonAssemblyInfo.cs = src\CommonAssemblyInfo.cs
	EndProjectSection
EndProject
Project("{9A19103F-16F7-4668-BE54-9A1E7A4F7556}") = "Albelli.LambdaSubscriptionTemplate.Lambda", "src\Albelli.LambdaSubscriptionTemplate.Lambda\Albelli.LambdaSubscriptionTemplate.Lambda.csproj", "{509E4FE9-6FA2-46A5-85CF-32D139844252}"
EndProject
Project("{FAE04EC0-301F-11D3-BF4B-00C04F79EFBC}") = "Albelli.LambdaSubscriptionTemplate.Local", "src\Albelli.LambdaSubscriptionTemplate.Local\Albelli.LambdaSubscriptionTemplate.Local.csproj", "{CBFE08AC-E815-414C-B0C3-D6B3C2BDA073}"
EndProject
Global
	GlobalSection(SolutionConfigurationPlatforms) = preSolution
		Debug|Any CPU = Debug|Any CPU
		Release|Any CPU = Release|Any CPU
	EndGlobalSection
	GlobalSection(ProjectConfigurationPlatforms) = postSolution
		{509E4FE9-6FA2-46A5-85CF-32D139844252}.Debug|Any CPU.ActiveCfg = Debug|Any CPU
		{509E4FE9-6FA2-46A5-85CF-32D139844252}.Debug|Any CPU.Build.0 = Debug|Any CPU
		{509E4FE9-6FA2-46A5-85CF-32D139844252}.Release|Any CPU.ActiveCfg = Release|Any CPU
		{509E4FE9-6FA2-46A5-85CF-32D139844252}.Release|Any CPU.Build.0 = Release|Any CPU
		{CBFE08AC-E815-414C-B0C3-D6B3C2BDA073}.Debug|Any CPU.ActiveCfg = Debug|Any CPU
		{CBFE08AC-E815-414C-B0C3-D6B3C2BDA073}.Debug|Any CPU.Build.0 = Debug|Any CPU
		{CBFE08AC-E815-414C-B0C3-D6B3C2BDA073}.Release|Any CPU.ActiveCfg = Release|Any CPU
		{CBFE08AC-E815-414C-B0C3-D6B3C2BDA073}.Release|Any CPU.Build.0 = Release|Any CPU
	EndGlobalSection
	GlobalSection(SolutionProperties) = preSolution
		HideSolutionNode = FALSE
	EndGlobalSection
	GlobalSection(ExtensibilityGlobals) = postSolution
		SolutionGuid = {7A939E17-509A-4E49-803E-AAED8EFDBE39}
	EndGlobalSection
EndGlobal
